
Microsoft Visual Studio Solution File, Format Version 12.00
# Visual Studio 15
VisualStudioVersion = 15.0.27004.2009
MinimumVisualStudioVersion = 10.0.40219.1
Project("{FAE04EC0-301F-11D3-BF4B-00C04F79EFBC}") = "FinalLearning", "FinalLearning\FinalLearning.csproj", "{9199496E-EA9E-4EAA-9F86-35DC1AE81478}"
EndProject
Global
	GlobalSection(SolutionConfigurationPlatforms) = preSolution
		Debug|Any CPU = Debug|Any CPU
		Release|Any CPU = Release|Any CPU
	EndGlobalSection
	GlobalSection(ProjectConfigurationPlatforms) = postSolution
		{9199496E-EA9E-4EAA-9F86-35DC1AE81478}.Debug|Any CPU.ActiveCfg = Debug|Any CPU
		{9199496E-EA9E-4EAA-9F86-35DC1AE81478}.Debug|Any CPU.Build.0 = Debug|Any CPU
		{9199496E-EA9E-4EAA-9F86-35DC1AE81478}.Release|Any CPU.ActiveCfg = Release|Any CPU
		{9199496E-EA9E-4EAA-9F86-35DC1AE81478}.Release|Any CPU.Build.0 = Release|Any CPU
	EndGlobalSection
	GlobalSection(SolutionProperties) = preSolution
		HideSolutionNode = FALSE
	EndGlobalSection
	GlobalSection(ExtensibilityGlobals) = postSolution
		SolutionGuid = {69DC1C7F-E7A2-4454-8F21-D5A1AD36D4A9}
	EndGlobalSection
EndGlobal
